
Microsoft Visual Studio Solution File, Format Version 12.00
# Visual Studio 15
VisualStudioVersion = 15.0.27130.2010
MinimumVisualStudioVersion = 10.0.40219.1
Project("{9A19103F-16F7-4668-BE54-9A1E7A4F7556}") = "Vinyl.ParsingJob", "Vinyl.ParsingJob\Vinyl.ParsingJob.csproj", "{E8C2EB06-0271-49B0-8BE0-637B679F87A3}"
EndProject
Project("{9A19103F-16F7-4668-BE54-9A1E7A4F7556}") = "Vinyl.ParsingJob.Tests", "Vinyl.ParsingJob.Tests\Vinyl.ParsingJob.Tests.csproj", "{14F23FA9-D6B8-47EF-B5A9-FD0AF3FBBDBD}"
EndProject
Project("{9A19103F-16F7-4668-BE54-9A1E7A4F7556}") = "Vinyl.Metadata", "Vinyl.Metadata\Vinyl.Metadata.csproj", "{09583928-5AF6-40F3-ACE0-4F6E0C1CBCE3}"
EndProject
Project("{9A19103F-16F7-4668-BE54-9A1E7A4F7556}") = "Vinyl.Common", "Vinyl.Common\Vinyl.Common.csproj", "{40FC09CC-EB54-41E2-B938-BE4EF0E9F476}"
EndProject
Project("{2150E333-8FDC-42A3-9474-1A3956D46DE8}") = "Tests", "Tests", "{467CA0DC-4058-48B3-BB83-F238BB59B6CF}"
EndProject
Project("{2150E333-8FDC-42A3-9474-1A3956D46DE8}") = "Common", "Common", "{FCE21F67-E0D7-4455-8A11-D34CB1FD6349}"
EndProject
Project("{2150E333-8FDC-42A3-9474-1A3956D46DE8}") = "Jobs", "Jobs", "{30E14712-D401-49D6-AE91-1072CE57ABBE}"
EndProject
Project("{E53339B2-1760-4266-BCC7-CA923CBCF16C}") = "docker-compose", "docker-compose.dcproj", "{29FE3CA7-F885-4405-9E03-5038A05B7A4E}"
	ProjectSection(ProjectDependencies) = postProject
		{E8C2EB06-0271-49B0-8BE0-637B679F87A3} = {E8C2EB06-0271-49B0-8BE0-637B679F87A3}
		{6B685A4D-A940-4353-9C64-54129F2E80B7} = {6B685A4D-A940-4353-9C64-54129F2E80B7}
		{189E535D-274D-4343-9CF3-DCB0C23FA432} = {189E535D-274D-4343-9CF3-DCB0C23FA432}
		{14F23FA9-D6B8-47EF-B5A9-FD0AF3FBBDBD} = {14F23FA9-D6B8-47EF-B5A9-FD0AF3FBBDBD}
	EndProjectSection
EndProject
Project("{2150E333-8FDC-42A3-9474-1A3956D46DE8}") = "Kafka", "Kafka", "{C215A621-AFFA-470D-9B51-CB04A8DC0499}"
EndProject
Project("{9A19103F-16F7-4668-BE54-9A1E7A4F7556}") = "Vinyl.Kafka.Lib", "Vinyl.Kafka.Lib\Vinyl.Kafka.Lib.csproj", "{153E60FB-40DE-44C3-B7CA-272DEC56B0B9}"
EndProject
Project("{9A19103F-16F7-4668-BE54-9A1E7A4F7556}") = "Vinyl.RecordProcessingJob", "Vinyl.RecordProcessingJob\Vinyl.RecordProcessingJob.csproj", "{189E535D-274D-4343-9CF3-DCB0C23FA432}"
	ProjectSection(ProjectDependencies) = postProject
		{E8C2EB06-0271-49B0-8BE0-637B679F87A3} = {E8C2EB06-0271-49B0-8BE0-637B679F87A3}
	EndProjectSection
EndProject
Project("{9A19103F-16F7-4668-BE54-9A1E7A4F7556}") = "Vinyl.DbLayer", "Vinyl.DbLayer\Vinyl.DbLayer.csproj", "{0904CDE4-5D1A-4BCF-A23E-1A6F08486E55}"
EndProject
Project("{9A19103F-16F7-4668-BE54-9A1E7A4F7556}") = "Vinyl.Site", "Vinyl.Site\Vinyl.Site.csproj", "{6B685A4D-A940-4353-9C64-54129F2E80B7}"
EndProject
Project("{2150E333-8FDC-42A3-9474-1A3956D46DE8}") = "Nginx", "Nginx", "{DF9D7529-023A-4267-A147-0DD77C39EDC4}"
	ProjectSection(SolutionItems) = preProject
		nginx\default.conf = nginx\default.conf
		nginx\Dockerfile = nginx\Dockerfile
		nginx\nginx.conf = nginx\nginx.conf
	EndProjectSection
EndProject
Global
	GlobalSection(SolutionConfigurationPlatforms) = preSolution
		Debug|Any CPU = Debug|Any CPU
		Release|Any CPU = Release|Any CPU
	EndGlobalSection
	GlobalSection(ProjectConfigurationPlatforms) = postSolution
		{E8C2EB06-0271-49B0-8BE0-637B679F87A3}.Debug|Any CPU.ActiveCfg = Debug|Any CPU
		{E8C2EB06-0271-49B0-8BE0-637B679F87A3}.Debug|Any CPU.Build.0 = Debug|Any CPU
		{E8C2EB06-0271-49B0-8BE0-637B679F87A3}.Release|Any CPU.ActiveCfg = Release|Any CPU
		{E8C2EB06-0271-49B0-8BE0-637B679F87A3}.Release|Any CPU.Build.0 = Release|Any CPU
		{14F23FA9-D6B8-47EF-B5A9-FD0AF3FBBDBD}.Debug|Any CPU.ActiveCfg = Debug|Any CPU
		{14F23FA9-D6B8-47EF-B5A9-FD0AF3FBBDBD}.Debug|Any CPU.Build.0 = Debug|Any CPU
		{14F23FA9-D6B8-47EF-B5A9-FD0AF3FBBDBD}.Release|Any CPU.ActiveCfg = Release|Any CPU
		{14F23FA9-D6B8-47EF-B5A9-FD0AF3FBBDBD}.Release|Any CPU.Build.0 = Release|Any CPU
		{09583928-5AF6-40F3-ACE0-4F6E0C1CBCE3}.Debug|Any CPU.ActiveCfg = Debug|Any CPU
		{09583928-5AF6-40F3-ACE0-4F6E0C1CBCE3}.Debug|Any CPU.Build.0 = Debug|Any CPU
		{09583928-5AF6-40F3-ACE0-4F6E0C1CBCE3}.Release|Any CPU.ActiveCfg = Release|Any CPU
		{09583928-5AF6-40F3-ACE0-4F6E0C1CBCE3}.Release|Any CPU.Build.0 = Release|Any CPU
		{40FC09CC-EB54-41E2-B938-BE4EF0E9F476}.Debug|Any CPU.ActiveCfg = Debug|Any CPU
		{40FC09CC-EB54-41E2-B938-BE4EF0E9F476}.Debug|Any CPU.Build.0 = Debug|Any CPU
		{40FC09CC-EB54-41E2-B938-BE4EF0E9F476}.Release|Any CPU.ActiveCfg = Release|Any CPU
		{40FC09CC-EB54-41E2-B938-BE4EF0E9F476}.Release|Any CPU.Build.0 = Release|Any CPU
		{29FE3CA7-F885-4405-9E03-5038A05B7A4E}.Debug|Any CPU.ActiveCfg = Debug|Any CPU
		{29FE3CA7-F885-4405-9E03-5038A05B7A4E}.Debug|Any CPU.Build.0 = Debug|Any CPU
		{29FE3CA7-F885-4405-9E03-5038A05B7A4E}.Release|Any CPU.ActiveCfg = Release|Any CPU
		{29FE3CA7-F885-4405-9E03-5038A05B7A4E}.Release|Any CPU.Build.0 = Release|Any CPU
		{153E60FB-40DE-44C3-B7CA-272DEC56B0B9}.Debug|Any CPU.ActiveCfg = Debug|Any CPU
		{153E60FB-40DE-44C3-B7CA-272DEC56B0B9}.Debug|Any CPU.Build.0 = Debug|Any CPU
		{153E60FB-40DE-44C3-B7CA-272DEC56B0B9}.Release|Any CPU.ActiveCfg = Release|Any CPU
		{153E60FB-40DE-44C3-B7CA-272DEC56B0B9}.Release|Any CPU.Build.0 = Release|Any CPU
		{189E535D-274D-4343-9CF3-DCB0C23FA432}.Debug|Any CPU.ActiveCfg = Debug|Any CPU
		{189E535D-274D-4343-9CF3-DCB0C23FA432}.Debug|Any CPU.Build.0 = Debug|Any CPU
		{189E535D-274D-4343-9CF3-DCB0C23FA432}.Release|Any CPU.ActiveCfg = Release|Any CPU
		{189E535D-274D-4343-9CF3-DCB0C23FA432}.Release|Any CPU.Build.0 = Release|Any CPU
		{0904CDE4-5D1A-4BCF-A23E-1A6F08486E55}.Debug|Any CPU.ActiveCfg = Debug|Any CPU
		{0904CDE4-5D1A-4BCF-A23E-1A6F08486E55}.Debug|Any CPU.Build.0 = Debug|Any CPU
		{0904CDE4-5D1A-4BCF-A23E-1A6F08486E55}.Release|Any CPU.ActiveCfg = Release|Any CPU
		{0904CDE4-5D1A-4BCF-A23E-1A6F08486E55}.Release|Any CPU.Build.0 = Release|Any CPU
		{6B685A4D-A940-4353-9C64-54129F2E80B7}.Debug|Any CPU.ActiveCfg = Debug|Any CPU
		{6B685A4D-A940-4353-9C64-54129F2E80B7}.Debug|Any CPU.Build.0 = Debug|Any CPU
		{6B685A4D-A940-4353-9C64-54129F2E80B7}.Release|Any CPU.ActiveCfg = Release|Any CPU
		{6B685A4D-A940-4353-9C64-54129F2E80B7}.Release|Any CPU.Build.0 = Release|Any CPU
	EndGlobalSection
	GlobalSection(SolutionProperties) = preSolution
		HideSolutionNode = FALSE
	EndGlobalSection
	GlobalSection(NestedProjects) = preSolution
		{E8C2EB06-0271-49B0-8BE0-637B679F87A3} = {30E14712-D401-49D6-AE91-1072CE57ABBE}
		{14F23FA9-D6B8-47EF-B5A9-FD0AF3FBBDBD} = {467CA0DC-4058-48B3-BB83-F238BB59B6CF}
		{09583928-5AF6-40F3-ACE0-4F6E0C1CBCE3} = {FCE21F67-E0D7-4455-8A11-D34CB1FD6349}
		{40FC09CC-EB54-41E2-B938-BE4EF0E9F476} = {FCE21F67-E0D7-4455-8A11-D34CB1FD6349}
		{153E60FB-40DE-44C3-B7CA-272DEC56B0B9} = {C215A621-AFFA-470D-9B51-CB04A8DC0499}
		{189E535D-274D-4343-9CF3-DCB0C23FA432} = {30E14712-D401-49D6-AE91-1072CE57ABBE}
		{0904CDE4-5D1A-4BCF-A23E-1A6F08486E55} = {FCE21F67-E0D7-4455-8A11-D34CB1FD6349}
		{6B685A4D-A940-4353-9C64-54129F2E80B7} = {30E14712-D401-49D6-AE91-1072CE57ABBE}
	EndGlobalSection
	GlobalSection(ExtensibilityGlobals) = postSolution
		SolutionGuid = {6A72305D-7832-424D-9907-A5B57081762C}
	EndGlobalSection
EndGlobal
