
Microsoft Visual Studio Solution File, Format Version 12.00
# Visual Studio 15
VisualStudioVersion = 15.0.27004.2010
MinimumVisualStudioVersion = 10.0.40219.1
Project("{FAE04EC0-301F-11D3-BF4B-00C04F79EFBC}") = "GetDataJob", "GetDataJob\GetDataJob.csproj", "{E8C2EB06-0271-49B0-8BE0-637B679F87A3}"
EndProject
Project("{FAE04EC0-301F-11D3-BF4B-00C04F79EFBC}") = "GetDataJob.Tests", "GetDataJob.Tests\GetDataJob.Tests.csproj", "{14F23FA9-D6B8-47EF-B5A9-FD0AF3FBBDBD}"
EndProject
Global
	GlobalSection(SolutionConfigurationPlatforms) = preSolution
		Debug|Any CPU = Debug|Any CPU
		Release|Any CPU = Release|Any CPU
	EndGlobalSection
	GlobalSection(ProjectConfigurationPlatforms) = postSolution
		{E8C2EB06-0271-49B0-8BE0-637B679F87A3}.Debug|Any CPU.ActiveCfg = Debug|Any CPU
		{E8C2EB06-0271-49B0-8BE0-637B679F87A3}.Debug|Any CPU.Build.0 = Debug|Any CPU
		{E8C2EB06-0271-49B0-8BE0-637B679F87A3}.Release|Any CPU.ActiveCfg = Release|Any CPU
		{E8C2EB06-0271-49B0-8BE0-637B679F87A3}.Release|Any CPU.Build.0 = Release|Any CPU
		{14F23FA9-D6B8-47EF-B5A9-FD0AF3FBBDBD}.Debug|Any CPU.ActiveCfg = Debug|Any CPU
		{14F23FA9-D6B8-47EF-B5A9-FD0AF3FBBDBD}.Debug|Any CPU.Build.0 = Debug|Any CPU
		{14F23FA9-D6B8-47EF-B5A9-FD0AF3FBBDBD}.Release|Any CPU.ActiveCfg = Release|Any CPU
		{14F23FA9-D6B8-47EF-B5A9-FD0AF3FBBDBD}.Release|Any CPU.Build.0 = Release|Any CPU
	EndGlobalSection
	GlobalSection(SolutionProperties) = preSolution
		HideSolutionNode = FALSE
	EndGlobalSection
	GlobalSection(ExtensibilityGlobals) = postSolution
		SolutionGuid = {6A72305D-7832-424D-9907-A5B57081762C}
	EndGlobalSection
EndGlobal
